
Microsoft Visual Studio Solution File, Format Version 12.00
# Visual Studio 2012
Project("{FAE04EC0-301F-11D3-BF4B-00C04F79EFBC}") = "Jokenpo", "Jokenpo\Jokenpo.csproj", "{A5870A32-C158-4B8F-9E2B-2CBAB4466376}"
EndProject
Project("{FAE04EC0-301F-11D3-BF4B-00C04F79EFBC}") = "UnitTest", "UnitTest\UnitTest.csproj", "{91DF7F0A-FB75-410D-9321-32A117FD2A51}"
EndProject
Global
	GlobalSection(SolutionConfigurationPlatforms) = preSolution
		Debug|Any CPU = Debug|Any CPU
		Release|Any CPU = Release|Any CPU
	EndGlobalSection
	GlobalSection(ProjectConfigurationPlatforms) = postSolution
		{A5870A32-C158-4B8F-9E2B-2CBAB4466376}.Debug|Any CPU.ActiveCfg = Debug|Any CPU
		{A5870A32-C158-4B8F-9E2B-2CBAB4466376}.Debug|Any CPU.Build.0 = Debug|Any CPU
		{A5870A32-C158-4B8F-9E2B-2CBAB4466376}.Release|Any CPU.ActiveCfg = Release|Any CPU
		{A5870A32-C158-4B8F-9E2B-2CBAB4466376}.Release|Any CPU.Build.0 = Release|Any CPU
		{91DF7F0A-FB75-410D-9321-32A117FD2A51}.Debug|Any CPU.ActiveCfg = Debug|Any CPU
		{91DF7F0A-FB75-410D-9321-32A117FD2A51}.Debug|Any CPU.Build.0 = Debug|Any CPU
		{91DF7F0A-FB75-410D-9321-32A117FD2A51}.Release|Any CPU.ActiveCfg = Release|Any CPU
		{91DF7F0A-FB75-410D-9321-32A117FD2A51}.Release|Any CPU.Build.0 = Release|Any CPU
	EndGlobalSection
	GlobalSection(SolutionProperties) = preSolution
		HideSolutionNode = FALSE
	EndGlobalSection
EndGlobal
